
Microsoft Visual Studio Solution File, Format Version 12.00
# Visual Studio Version 16
VisualStudioVersion = 16.0.30804.86
MinimumVisualStudioVersion = 10.0.40219.1
Project("{9A19103F-16F7-4668-BE54-9A1E7A4F7556}") = "Story", "Story\Story.csproj", "{176E4F73-60C6-4502-864D-0CD56899DA24}"
EndProject
Global
	GlobalSection(SolutionConfigurationPlatforms) = preSolution
		Debug|Any CPU = Debug|Any CPU
		Release|Any CPU = Release|Any CPU
	EndGlobalSection
	GlobalSection(ProjectConfigurationPlatforms) = postSolution
		{176E4F73-60C6-4502-864D-0CD56899DA24}.Debug|Any CPU.ActiveCfg = Debug|Any CPU
		{176E4F73-60C6-4502-864D-0CD56899DA24}.Debug|Any CPU.Build.0 = Debug|Any CPU
		{176E4F73-60C6-4502-864D-0CD56899DA24}.Release|Any CPU.ActiveCfg = Release|Any CPU
		{176E4F73-60C6-4502-864D-0CD56899DA24}.Release|Any CPU.Build.0 = Release|Any CPU
	EndGlobalSection
	GlobalSection(SolutionProperties) = preSolution
		HideSolutionNode = FALSE
	EndGlobalSection
	GlobalSection(ExtensibilityGlobals) = postSolution
		SolutionGuid = {BCC5C9EF-C6A1-45E5-9865-4B394FC298C2}
	EndGlobalSection
EndGlobal
